
Microsoft Visual Studio Solution File, Format Version 12.00
# Visual Studio Version 16
VisualStudioVersion = 16.0.30002.166
MinimumVisualStudioVersion = 10.0.40219.1
Project("{FAE04EC0-301F-11D3-BF4B-00C04F79EFBC}") = "OgrenciTakipSistemi", "OgrenciTakipSistemi\OgrenciTakipSistemi.csproj", "{184865A6-3379-4BBB-94A8-B825F3680D9F}"
EndProject
Global
	GlobalSection(SolutionConfigurationPlatforms) = preSolution
		Debug|Any CPU = Debug|Any CPU
		Release|Any CPU = Release|Any CPU
	EndGlobalSection
	GlobalSection(ProjectConfigurationPlatforms) = postSolution
		{184865A6-3379-4BBB-94A8-B825F3680D9F}.Debug|Any CPU.ActiveCfg = Debug|Any CPU
		{184865A6-3379-4BBB-94A8-B825F3680D9F}.Debug|Any CPU.Build.0 = Debug|Any CPU
		{184865A6-3379-4BBB-94A8-B825F3680D9F}.Release|Any CPU.ActiveCfg = Release|Any CPU
		{184865A6-3379-4BBB-94A8-B825F3680D9F}.Release|Any CPU.Build.0 = Release|Any CPU
	EndGlobalSection
	GlobalSection(SolutionProperties) = preSolution
		HideSolutionNode = FALSE
	EndGlobalSection
	GlobalSection(ExtensibilityGlobals) = postSolution
		SolutionGuid = {26920E98-6EEA-464E-A4B7-EC71769E9D4C}
	EndGlobalSection
EndGlobal
